
Microsoft Visual Studio Solution File, Format Version 12.00
# Visual Studio 15
VisualStudioVersion = 15.0.27004.2005
MinimumVisualStudioVersion = 10.0.40219.1
Project("{9A19103F-16F7-4668-BE54-9A1E7A4F7556}") = "Bikerental", "Bikerental\Bikerental.csproj", "{F92EA216-DC16-4211-B937-5784CAAD8B29}"
EndProject
Project("{9A19103F-16F7-4668-BE54-9A1E7A4F7556}") = "BikerentalTests", "BikerentalTests\BikerentalTests.csproj", "{A965CA17-5F35-4AB2-8777-28C57D9FBDCD}"
EndProject
Global
	GlobalSection(SolutionConfigurationPlatforms) = preSolution
		Debug|Any CPU = Debug|Any CPU
		Release|Any CPU = Release|Any CPU
	EndGlobalSection
	GlobalSection(ProjectConfigurationPlatforms) = postSolution
		{F92EA216-DC16-4211-B937-5784CAAD8B29}.Debug|Any CPU.ActiveCfg = Debug|Any CPU
		{F92EA216-DC16-4211-B937-5784CAAD8B29}.Debug|Any CPU.Build.0 = Debug|Any CPU
		{F92EA216-DC16-4211-B937-5784CAAD8B29}.Release|Any CPU.ActiveCfg = Release|Any CPU
		{F92EA216-DC16-4211-B937-5784CAAD8B29}.Release|Any CPU.Build.0 = Release|Any CPU
		{A965CA17-5F35-4AB2-8777-28C57D9FBDCD}.Debug|Any CPU.ActiveCfg = Debug|Any CPU
		{A965CA17-5F35-4AB2-8777-28C57D9FBDCD}.Debug|Any CPU.Build.0 = Debug|Any CPU
		{A965CA17-5F35-4AB2-8777-28C57D9FBDCD}.Release|Any CPU.ActiveCfg = Release|Any CPU
		{A965CA17-5F35-4AB2-8777-28C57D9FBDCD}.Release|Any CPU.Build.0 = Release|Any CPU
	EndGlobalSection
	GlobalSection(SolutionProperties) = preSolution
		HideSolutionNode = FALSE
	EndGlobalSection
	GlobalSection(ExtensibilityGlobals) = postSolution
		SolutionGuid = {77F010B3-D903-4C7F-BC43-7F60343562CC}
	EndGlobalSection
EndGlobal
